
Microsoft Visual Studio Solution File, Format Version 12.00
# Visual Studio Version 17
VisualStudioVersion = 17.6.33723.286
MinimumVisualStudioVersion = 10.0.40219.1
Project("{9A19103F-16F7-4668-BE54-9A1E7A4F7556}") = "TaskManager", "TaskManager.csproj", "{61C5078E-6D5D-4C9E-AC59-898C1BEAEBA8}"
EndProject
Global
	GlobalSection(SolutionConfigurationPlatforms) = preSolution
		Debug|Any CPU = Debug|Any CPU
		Release|Any CPU = Release|Any CPU
	EndGlobalSection
	GlobalSection(ProjectConfigurationPlatforms) = postSolution
		{61C5078E-6D5D-4C9E-AC59-898C1BEAEBA8}.Debug|Any CPU.ActiveCfg = Debug|Any CPU
		{61C5078E-6D5D-4C9E-AC59-898C1BEAEBA8}.Debug|Any CPU.Build.0 = Debug|Any CPU
		{61C5078E-6D5D-4C9E-AC59-898C1BEAEBA8}.Release|Any CPU.ActiveCfg = Release|Any CPU
		{61C5078E-6D5D-4C9E-AC59-898C1BEAEBA8}.Release|Any CPU.Build.0 = Release|Any CPU
	EndGlobalSection
	GlobalSection(SolutionProperties) = preSolution
		HideSolutionNode = FALSE
	EndGlobalSection
	GlobalSection(ExtensibilityGlobals) = postSolution
		SolutionGuid = {AE6CF8FC-0D92-4202-97A1-F2691D9947E3}
	EndGlobalSection
EndGlobal
